
Microsoft Visual Studio Solution File, Format Version 12.00
# Visual Studio Version 17
VisualStudioVersion = 17.4.33403.182
MinimumVisualStudioVersion = 10.0.40219.1
Project("{FAE04EC0-301F-11D3-BF4B-00C04F79EFBC}") = "Udemy.CSharp.Aula196", "Udemy.CSharp.Aula196\Udemy.CSharp.Aula196.csproj", "{5ADBC289-6F54-4999-96C4-BEBE037E77BA}"
EndProject
Global
	GlobalSection(SolutionConfigurationPlatforms) = preSolution
		Debug|Any CPU = Debug|Any CPU
		Release|Any CPU = Release|Any CPU
	EndGlobalSection
	GlobalSection(ProjectConfigurationPlatforms) = postSolution
		{5ADBC289-6F54-4999-96C4-BEBE037E77BA}.Debug|Any CPU.ActiveCfg = Debug|Any CPU
		{5ADBC289-6F54-4999-96C4-BEBE037E77BA}.Debug|Any CPU.Build.0 = Debug|Any CPU
		{5ADBC289-6F54-4999-96C4-BEBE037E77BA}.Release|Any CPU.ActiveCfg = Release|Any CPU
		{5ADBC289-6F54-4999-96C4-BEBE037E77BA}.Release|Any CPU.Build.0 = Release|Any CPU
	EndGlobalSection
	GlobalSection(SolutionProperties) = preSolution
		HideSolutionNode = FALSE
	EndGlobalSection
	GlobalSection(ExtensibilityGlobals) = postSolution
		SolutionGuid = {5DD99EDD-B5EC-41D9-BFDF-8806EDEAEE79}
	EndGlobalSection
EndGlobal
